// !$*UTF8*$!
{
	archiveVersion = 1;
	classes = {
	};
	objectVersion = 46;
	objects = {

/* Begin PBXBuildFile section */
		CD2B17BA1BE9EFD400384841 /* PokeCell.swift in Sources */ = {isa = PBXBuildFile; fileRef = CD2B17B91BE9EFD400384841 /* PokeCell.swift */; };
		CD2B17BC1BEA164F00384841 /* csv.swift in Sources */ = {isa = PBXBuildFile; fileRef = CD2B17BB1BEA164F00384841 /* csv.swift */; };
		CD2B17C01BEA1A7200384841 /* pokemon.ttf in Resources */ = {isa = PBXBuildFile; fileRef = CD2B17BF1BEA1A7200384841 /* pokemon.ttf */; };
		CD355B751BEAB1E700AFC6C9 /* music.mp3 in Resources */ = {isa = PBXBuildFile; fileRef = CD355B741BEAB1E700AFC6C9 /* music.mp3 */; };
		CD355B771BEAB9CB00AFC6C9 /* PokemonDetailVC.swift in Sources */ = {isa = PBXBuildFile; fileRef = CD355B761BEAB9CB00AFC6C9 /* PokemonDetailVC.swift */; };
		CD355B791BEABEA400AFC6C9 /* Main.storyboard in Resources */ = {isa = PBXBuildFile; fileRef = CD355B781BEABEA400AFC6C9 /* Main.storyboard */; };
		CD56359B1BE9E837003D7011 /* AppDelegate.swift in Sources */ = {isa = PBXBuildFile; fileRef = CD56359A1BE9E837003D7011 /* AppDelegate.swift */; };
		CD56359D1BE9E837003D7011 /* ViewController.swift in Sources */ = {isa = PBXBuildFile; fileRef = CD56359C1BE9E837003D7011 /* ViewController.swift */; };
		CD5635A21BE9E837003D7011 /* Assets.xcassets in Resources */ = {isa = PBXBuildFile; fileRef = CD5635A11BE9E837003D7011 /* Assets.xcassets */; };
		CD5635A51BE9E837003D7011 /* LaunchScreen.storyboard in Resources */ = {isa = PBXBuildFile; fileRef = CD5635A31BE9E837003D7011 /* LaunchScreen.storyboard */; };
		CD5635AD1BE9E991003D7011 /* pokemon.csv in Resources */ = {isa = PBXBuildFile; fileRef = CD5635AC1BE9E991003D7011 /* pokemon.csv */; };
		CD5635B21BE9EA88003D7011 /* Pokemon.swift in Sources */ = {isa = PBXBuildFile; fileRef = CD5635B11BE9EA88003D7011 /* Pokemon.swift */; };
/* End PBXBuildFile section */

/* Begin PBXFileReference section */
		CD2B17B91BE9EFD400384841 /* PokeCell.swift */ = {isa = PBXFileReference; fileEncoding = 4; lastKnownFileType = sourcecode.swift; path = PokeCell.swift; sourceTree = "<group>"; };
		CD2B17BB1BEA164F00384841 /* csv.swift */ = {isa = PBXFileReference; fileEncoding = 4; lastKnownFileType = sourcecode.swift; path = csv.swift; sourceTree = "<group>"; };
		CD2B17BF1BEA1A7200384841 /* pokemon.ttf */ = {isa = PBXFileReference; lastKnownFileType = file; path = pokemon.ttf; sourceTree = "<group>"; };
		CD355B741BEAB1E700AFC6C9 /* music.mp3 */ = {isa = PBXFileReference; lastKnownFileType = audio.mp3; path = music.mp3; sourceTree = "<group>"; };
		CD355B761BEAB9CB00AFC6C9 /* PokemonDetailVC.swift */ = {isa = PBXFileReference; fileEncoding = 4; lastKnownFileType = sourcecode.swift; path = PokemonDetailVC.swift; sourceTree = "<group>"; };
		CD355B781BEABEA400AFC6C9 /* Main.storyboard */ = {isa = PBXFileReference; fileEncoding = 4; lastKnownFileType = file.storyboard; path = Main.storyboard; sourceTree = "<group>"; };
		CD5635971BE9E837003D7011 /* Pokedex.app */ = {isa = PBXFileReference; explicitFileType = wrapper.application; includeInIndex = 0; path = Pokedex.app; sourceTree = BUILT_PRODUCTS_DIR; };
		CD56359A1BE9E837003D7011 /* AppDelegate.swift */ = {isa = PBXFileReference; lastKnownFileType = sourcecode.swift; path = AppDelegate.swift; sourceTree = "<group>"; };
		CD56359C1BE9E837003D7011 /* ViewController.swift */ = {isa = PBXFileReference; lastKnownFileType = sourcecode.swift; path = ViewController.swift; sourceTree = "<group>"; };
		CD5635A11BE9E837003D7011 /* Assets.xcassets */ = {isa = PBXFileReference; lastKnownFileType = folder.assetcatalog; path = Assets.xcassets; sourceTree = "<group>"; };
		CD5635A41BE9E837003D7011 /* Base */ = {isa = PBXFileReference; lastKnownFileType = file.storyboard; name = Base; path = Base.lproj/LaunchScreen.storyboard; sourceTree = "<group>"; };
		CD5635A61BE9E837003D7011 /* Info.plist */ = {isa = PBXFileReference; lastKnownFileType = text.plist.xml; path = Info.plist; sourceTree = "<group>"; };
		CD5635AC1BE9E991003D7011 /* pokemon.csv */ = {isa = PBXFileReference; fileEncoding = 4; lastKnownFileType = text; path = pokemon.csv; sourceTree = "<group>"; };
		CD5635B11BE9EA88003D7011 /* Pokemon.swift */ = {isa = PBXFileReference; fileEncoding = 4; lastKnownFileType = sourcecode.swift; path = Pokemon.swift; sourceTree = "<group>"; };
/* End PBXFileReference section */

/* Begin PBXFrameworksBuildPhase section */
		CD5635941BE9E837003D7011 /* Frameworks */ = {
			isa = PBXFrameworksBuildPhase;
			buildActionMask = 2147483647;
			files = (
			);
			runOnlyForDeploymentPostprocessing = 0;
		};
/* End PBXFrameworksBuildPhase section */

/* Begin PBXGroup section */
		CD2B17BD1BEA166600384841 /* Utilities */ = {
			isa = PBXGroup;
			children = (
				CD2B17BB1BEA164F00384841 /* csv.swift */,
			);
			name = Utilities;
			sourceTree = "<group>";
		};
		CD2B17BE1BEA168400384841 /* Resources */ = {
			isa = PBXGroup;
			children = (
				CD2B17BF1BEA1A7200384841 /* pokemon.ttf */,
				CD5635AC1BE9E991003D7011 /* pokemon.csv */,
				CD355B741BEAB1E700AFC6C9 /* music.mp3 */,
			);
			name = Resources;
			sourceTree = "<group>";
		};
		CD56358E1BE9E837003D7011 = {
			isa = PBXGroup;
			children = (
				CD5635991BE9E837003D7011 /* Pokedex */,
				CD5635981BE9E837003D7011 /* Products */,
			);
			sourceTree = "<group>";
		};
		CD5635981BE9E837003D7011 /* Products */ = {
			isa = PBXGroup;
			children = (
				CD5635971BE9E837003D7011 /* Pokedex.app */,
			);
			name = Products;
			sourceTree = "<group>";
		};
		CD5635991BE9E837003D7011 /* Pokedex */ = {
			isa = PBXGroup;
			children = (
				CD5635B01BE9EA6D003D7011 /* Model */,
				CD5635AF1BE9EA63003D7011 /* View */,
				CD5635AE1BE9EA57003D7011 /* Controller */,
				CD2B17BD1BEA166600384841 /* Utilities */,
				CD2B17BE1BEA168400384841 /* Resources */,
				CD5635A11BE9E837003D7011 /* Assets.xcassets */,
				CD5635A31BE9E837003D7011 /* LaunchScreen.storyboard */,
				CD56359A1BE9E837003D7011 /* AppDelegate.swift */,
				CD5635A61BE9E837003D7011 /* Info.plist */,
			);
			path = Pokedex;
			sourceTree = "<group>";
		};
		CD5635AE1BE9EA57003D7011 /* Controller */ = {
			isa = PBXGroup;
			children = (
				CD56359C1BE9E837003D7011 /* ViewController.swift */,
				CD355B761BEAB9CB00AFC6C9 /* PokemonDetailVC.swift */,
			);
			name = Controller;
			sourceTree = "<group>";
		};
		CD5635AF1BE9EA63003D7011 /* View */ = {
			isa = PBXGroup;
			children = (
				CD2B17B91BE9EFD400384841 /* PokeCell.swift */,
				CD355B781BEABEA400AFC6C9 /* Main.storyboard */,
			);
			name = View;
			sourceTree = "<group>";
		};
		CD5635B01BE9EA6D003D7011 /* Model */ = {
			isa = PBXGroup;
			children = (
				CD5635B11BE9EA88003D7011 /* Pokemon.swift */,
			);
			name = Model;
			sourceTree = "<group>";
		};
/* End PBXGroup section */

/* Begin PBXNativeTarget section */
		CD5635961BE9E837003D7011 /* Pokedex */ = {
			isa = PBXNativeTarget;
			buildConfigurationList = CD5635A91BE9E837003D7011 /* Build configuration list for PBXNativeTarget "Pokedex" */;
			buildPhases = (
				CD5635931BE9E837003D7011 /* Sources */,
				CD5635941BE9E837003D7011 /* Frameworks */,
				CD5635951BE9E837003D7011 /* Resources */,
			);
			buildRules = (
			);
			dependencies = (
			);
			name = Pokedex;
			productName = Pokedex;
			productReference = CD5635971BE9E837003D7011 /* Pokedex.app */;
			productType = "com.apple.product-type.application";
		};
/* End PBXNativeTarget section */

/* Begin PBXProject section */
		CD56358F1BE9E837003D7011 /* Project object */ = {
			isa = PBXProject;
			attributes = {
				LastSwiftUpdateCheck = 0710;
				LastUpgradeCheck = 0710;
				ORGANIZATIONNAME = "Patrick Robertson";
				TargetAttributes = {
					CD5635961BE9E837003D7011 = {
						CreatedOnToolsVersion = 7.1;
						DevelopmentTeam = Y445TKE5TF;
					};
				};
			};
			buildConfigurationList = CD5635921BE9E837003D7011 /* Build configuration list for PBXProject "Pokedex" */;
			compatibilityVersion = "Xcode 3.2";
			developmentRegion = English;
			hasScannedForEncodings = 0;
			knownRegions = (
				en,
				Base,
			);
			mainGroup = CD56358E1BE9E837003D7011;
			productRefGroup = CD5635981BE9E837003D7011 /* Products */;
			projectDirPath = "";
			projectRoot = "";
			targets = (
				CD5635961BE9E837003D7011 /* Pokedex */,
			);
		};
/* End PBXProject section */

/* Begin PBXResourcesBuildPhase section */
		CD5635951BE9E837003D7011 /* Resources */ = {
			isa = PBXResourcesBuildPhase;
			buildActionMask = 2147483647;
			files = (
				CD2B17C01BEA1A7200384841 /* pokemon.ttf in Resources */,
				CD5635A51BE9E837003D7011 /* LaunchScreen.storyboard in Resources */,
				CD355B751BEAB1E700AFC6C9 /* music.mp3 in Resources */,
				CD355B791BEABEA400AFC6C9 /* Main.storyboard in Resources */,
				CD5635A21BE9E837003D7011 /* Assets.xcassets in Resources */,
				CD5635AD1BE9E991003D7011 /* pokemon.csv in Resources */,
			);
			runOnlyForDeploymentPostprocessing = 0;
		};
/* End PBXResourcesBuildPhase section */

/* Begin PBXSourcesBuildPhase section */
		CD5635931BE9E837003D7011 /* Sources */ = {
			isa = PBXSourcesBuildPhase;
			buildActionMask = 2147483647;
			files = (
				CD2B17BA1BE9EFD400384841 /* PokeCell.swift in Sources */,
				CD56359D1BE9E837003D7011 /* ViewController.swift in Sources */,
				CD56359B1BE9E837003D7011 /* AppDelegate.swift in Sources */,
				CD355B771BEAB9CB00AFC6C9 /* PokemonDetailVC.swift in Sources */,
				CD5635B21BE9EA88003D7011 /* Pokemon.swift in Sources */,
				CD2B17BC1BEA164F00384841 /* csv.swift in Sources */,
			);
			runOnlyForDeploymentPostprocessing = 0;
		};
/* End PBXSourcesBuildPhase section */

/* Begin PBXVariantGroup section */
		CD5635A31BE9E837003D7011 /* LaunchScreen.storyboard */ = {
			isa = PBXVariantGroup;
			children = (
				CD5635A41BE9E837003D7011 /* Base */,
			);
			name = LaunchScreen.storyboard;
			sourceTree = "<group>";
		};
/* End PBXVariantGroup section */

/* Begin XCBuildConfiguration section */
		CD5635A71BE9E837003D7011 /* Debug */ = {
			isa = XCBuildConfiguration;
			buildSettings = {
				ALWAYS_SEARCH_USER_PATHS = NO;
				CLANG_CXX_LANGUAGE_STANDARD = "gnu++0x";
				CLANG_CXX_LIBRARY = "libc++";
				CLANG_ENABLE_MODULES = YES;
				CLANG_ENABLE_OBJC_ARC = YES;
				CLANG_WARN_BOOL_CONVERSION = YES;
				CLANG_WARN_CONSTANT_CONVERSION = YES;
				CLANG_WARN_DIRECT_OBJC_ISA_USAGE = YES_ERROR;
				CLANG_WARN_EMPTY_BODY = YES;
				CLANG_WARN_ENUM_CONVERSION = YES;
				CLANG_WARN_INT_CONVERSION = YES;
				CLANG_WARN_OBJC_ROOT_CLASS = YES_ERROR;
				CLANG_WARN_UNREACHABLE_CODE = YES;
				CLANG_WARN__DUPLICATE_METHOD_MATCH = YES;
				"CODE_SIGN_IDENTITY[sdk=iphoneos*]" = "iPhone Developer";
				COPY_PHASE_STRIP = NO;
				DEBUG_INFORMATION_FORMAT = dwarf;
				ENABLE_STRICT_OBJC_MSGSEND = YES;
				ENABLE_TESTABILITY = YES;
				GCC_C_LANGUAGE_STANDARD = gnu99;
				GCC_DYNAMIC_NO_PIC = NO;
				GCC_NO_COMMON_BLOCKS = YES;
				GCC_OPTIMIZATION_LEVEL = 0;
				GCC_PREPROCESSOR_DEFINITIONS = (
					"DEBUG=1",
					"$(inherited)",
				);
				GCC_WARN_64_TO_32_BIT_CONVERSION = YES;
				GCC_WARN_ABOUT_RETURN_TYPE = YES_ERROR;
				GCC_WARN_UNDECLARED_SELECTOR = YES;
				GCC_WARN_UNINITIALIZED_AUTOS = YES_AGGRESSIVE;
				GCC_WARN_UNUSED_FUNCTION = YES;
				GCC_WARN_UNUSED_VARIABLE = YES;
				IPHONEOS_DEPLOYMENT_TARGET = 9.1;
				MTL_ENABLE_DEBUG_INFO = YES;
				ONLY_ACTIVE_ARCH = YES;
				SDKROOT = iphoneos;
				SWIFT_OPTIMIZATION_LEVEL = "-Onone";
				TARGETED_DEVICE_FAMILY = "1,2";
			};
			name = Debug;
		};
		CD5635A81BE9E837003D7011 /* Release */ = {
			isa = XCBuildConfiguration;
			buildSettings = {
				ALWAYS_SEARCH_USER_PATHS = NO;
				CLANG_CXX_LANGUAGE_STANDARD = "gnu++0x";
				CLANG_CXX_LIBRARY = "libc++";
				CLANG_ENABLE_MODULES = YES;
				CLANG_ENABLE_OBJC_ARC = YES;
				CLANG_WARN_BOOL_CONVERSION = YES;
				CLANG_WARN_CONSTANT_CONVERSION = YES;
				CLANG_WARN_DIRECT_OBJC_ISA_USAGE = YES_ERROR;
				CLANG_WARN_EMPTY_BODY = YES;
				CLANG_WARN_ENUM_CONVERSION = YES;
				CLANG_WARN_INT_CONVERSION = YES;
				CLANG_WARN_OBJC_ROOT_CLASS = YES_ERROR;
				CLANG_WARN_UNREACHABLE_CODE = YES;
				CLANG_WARN__DUPLICATE_METHOD_MATCH = YES;
				"CODE_SIGN_IDENTITY[sdk=iphoneos*]" = "iPhone Developer";
				COPY_PHASE_STRIP = NO;
				DEBUG_INFORMATION_FORMAT = "dwarf-with-dsym";
				ENABLE_NS_ASSERTIONS = NO;
				ENABLE_STRICT_OBJC_MSGSEND = YES;
				GCC_C_LANGUAGE_STANDARD = gnu99;
				GCC_NO_COMMON_BLOCKS = YES;
				GCC_WARN_64_TO_32_BIT_CONVERSION = YES;
				GCC_WARN_ABOUT_RETURN_TYPE = YES_ERROR;
				GCC_WARN_UNDECLARED_SELECTOR = YES;
				GCC_WARN_UNINITIALIZED_AUTOS = YES_AGGRESSIVE;
				GCC_WARN_UNUSED_FUNCTION = YES;
				GCC_WARN_UNUSED_VARIABLE = YES;
				IPHONEOS_DEPLOYMENT_TARGET = 9.1;
				MTL_ENABLE_DEBUG_INFO = NO;
				SDKROOT = iphoneos;
				TARGETED_DEVICE_FAMILY = "1,2";
				VALIDATE_PRODUCT = YES;
			};
			name = Release;
		};
		CD5635AA1BE9E837003D7011 /* Debug */ = {
			isa = XCBuildConfiguration;
			buildSettings = {
				ASSETCATALOG_COMPILER_APPICON_NAME = AppIcon;
				INFOPLIST_FILE = Pokedex/Info.plist;
				LD_RUNPATH_SEARCH_PATHS = "$(inherited) @executable_path/Frameworks";
				PRODUCT_BUNDLE_IDENTIFIER = com.probertson.Pokedex;
				PRODUCT_NAME = "$(TARGET_NAME)";
			};
			name = Debug;
		};
		CD5635AB1BE9E837003D7011 /* Release */ = {
			isa = XCBuildConfiguration;
			buildSettings = {
				ASSETCATALOG_COMPILER_APPICON_NAME = AppIcon;
				INFOPLIST_FILE = Pokedex/Info.plist;
				LD_RUNPATH_SEARCH_PATHS = "$(inherited) @executable_path/Frameworks";
				PRODUCT_BUNDLE_IDENTIFIER = com.probertson.Pokedex;
				PRODUCT_NAME = "$(TARGET_NAME)";
			};
			name = Release;
		};
/* End XCBuildConfiguration section */

/* Begin XCConfigurationList section */
		CD5635921BE9E837003D7011 /* Build configuration list for PBXProject "Pokedex" */ = {
			isa = XCConfigurationList;
			buildConfigurations = (
				CD5635A71BE9E837003D7011 /* Debug */,
				CD5635A81BE9E837003D7011 /* Release */,
			);
			defaultConfigurationIsVisible = 0;
			defaultConfigurationName = Release;
		};
		CD5635A91BE9E837003D7011 /* Build configuration list for PBXNativeTarget "Pokedex" */ = {
			isa = XCConfigurationList;
			buildConfigurations = (
				CD5635AA1BE9E837003D7011 /* Debug */,
				CD5635AB1BE9E837003D7011 /* Release */,
			);
			defaultConfigurationIsVisible = 0;
			defaultConfigurationName = Release;
		};
/* End XCConfigurationList section */
	};
	rootObject = CD56358F1BE9E837003D7011 /* Project object */;
}
